// !$*UTF8*$!
{
	archiveVersion = 1;
	classes = {
	};
	objectVersion = 48;
	objects = {

/* Begin PBXBuildFile section */
		74235D3B203EF04900EF35AE /* AppDelegate.swift in Sources */ = {isa = PBXBuildFile; fileRef = 74235D3A203EF04900EF35AE /* AppDelegate.swift */; };
		74235D3D203EF04900EF35AE /* MealViewController.swift in Sources */ = {isa = PBXBuildFile; fileRef = 74235D3C203EF04900EF35AE /* MealViewController.swift */; };
		74235D40203EF04900EF35AE /* Main.storyboard in Resources */ = {isa = PBXBuildFile; fileRef = 74235D3E203EF04900EF35AE /* Main.storyboard */; };
		74235D42203EF04900EF35AE /* Assets.xcassets in Resources */ = {isa = PBXBuildFile; fileRef = 74235D41203EF04900EF35AE /* Assets.xcassets */; };
		74235D45203EF04900EF35AE /* LaunchScreen.storyboard in Resources */ = {isa = PBXBuildFile; fileRef = 74235D43203EF04900EF35AE /* LaunchScreen.storyboard */; };
		7431E2902045561600B720C7 /* Service.swift in Sources */ = {isa = PBXBuildFile; fileRef = 7431E28F2045561600B720C7 /* Service.swift */; };
		7431E2942045599300B720C7 /* LoginParam.swift in Sources */ = {isa = PBXBuildFile; fileRef = 7431E2932045599300B720C7 /* LoginParam.swift */; };
		7431E2962046990B00B720C7 /* AppAssembler.swift in Sources */ = {isa = PBXBuildFile; fileRef = 7431E2952046990B00B720C7 /* AppAssembler.swift */; };
		7431E29920469B5100B720C7 /* UserRepository.swift in Sources */ = {isa = PBXBuildFile; fileRef = 7431E29820469B5100B720C7 /* UserRepository.swift */; };
		7431E29C20469E1200B720C7 /* LoginResp.swift in Sources */ = {isa = PBXBuildFile; fileRef = 7431E29B20469E1200B720C7 /* LoginResp.swift */; };
		7431E29E2046A1CC00B720C7 /* ServiceErrorOperator.swift in Sources */ = {isa = PBXBuildFile; fileRef = 7431E29D2046A1CC00B720C7 /* ServiceErrorOperator.swift */; };
		7431E2A02046A65600B720C7 /* ServiceError.swift in Sources */ = {isa = PBXBuildFile; fileRef = 7431E29F2046A65600B720C7 /* ServiceError.swift */; };
		7431E2A22046A6EA00B720C7 /* GenericErrorResp.swift in Sources */ = {isa = PBXBuildFile; fileRef = 7431E2A12046A6EA00B720C7 /* GenericErrorResp.swift */; };
		7431E2A42046C62400B720C7 /* BaseSubscriber.swift in Sources */ = {isa = PBXBuildFile; fileRef = 7431E2A32046C62300B720C7 /* BaseSubscriber.swift */; };
		74880BAF2043A2ED00E38807 /* RatingControl.swift in Sources */ = {isa = PBXBuildFile; fileRef = 74880BAE2043A2EC00E38807 /* RatingControl.swift */; };
		74880BB12043B3BA00E38807 /* MealTableViewCell.swift in Sources */ = {isa = PBXBuildFile; fileRef = 74880BB02043B3B900E38807 /* MealTableViewCell.swift */; };
		74880BB32043B90C00E38807 /* MealTableViewController.swift in Sources */ = {isa = PBXBuildFile; fileRef = 74880BB22043B90C00E38807 /* MealTableViewController.swift */; };
		74880BB52044114700E38807 /* MealDetailViewController.swift in Sources */ = {isa = PBXBuildFile; fileRef = 74880BB42044114600E38807 /* MealDetailViewController.swift */; };
		74880BB82044308E00E38807 /* Item.swift in Sources */ = {isa = PBXBuildFile; fileRef = 74880BB72044308E00E38807 /* Item.swift */; };
		74880BBA2044FEDE00E38807 /* User.swift in Sources */ = {isa = PBXBuildFile; fileRef = 74880BB92044FEDE00E38807 /* User.swift */; };
		AF1D846DE65CA59D68AE5CCC /* Pods_hello_ios.framework in Frameworks */ = {isa = PBXBuildFile; fileRef = D0DC3D12E34A21B25B557DB3 /* Pods_hello_ios.framework */; };
/* End PBXBuildFile section */

/* Begin PBXFileReference section */
		2313A0118BF580D1CC84373F /* Pods-hello-ios.release.xcconfig */ = {isa = PBXFileReference; includeInIndex = 1; lastKnownFileType = text.xcconfig; name = "Pods-hello-ios.release.xcconfig"; path = "Pods/Target Support Files/Pods-hello-ios/Pods-hello-ios.release.xcconfig"; sourceTree = "<group>"; };
		2F7EF0091C6AE83D7028EEBC /* Pods-hello-ios.debug.xcconfig */ = {isa = PBXFileReference; includeInIndex = 1; lastKnownFileType = text.xcconfig; name = "Pods-hello-ios.debug.xcconfig"; path = "Pods/Target Support Files/Pods-hello-ios/Pods-hello-ios.debug.xcconfig"; sourceTree = "<group>"; };
		74235D37203EF04900EF35AE /* hello-ios.app */ = {isa = PBXFileReference; explicitFileType = wrapper.application; includeInIndex = 0; path = "hello-ios.app"; sourceTree = BUILT_PRODUCTS_DIR; };
		74235D3A203EF04900EF35AE /* AppDelegate.swift */ = {isa = PBXFileReference; lastKnownFileType = sourcecode.swift; path = AppDelegate.swift; sourceTree = "<group>"; };
		74235D3C203EF04900EF35AE /* MealViewController.swift */ = {isa = PBXFileReference; lastKnownFileType = sourcecode.swift; path = MealViewController.swift; sourceTree = "<group>"; };
		74235D3F203EF04900EF35AE /* Base */ = {isa = PBXFileReference; lastKnownFileType = file.storyboard; name = Base; path = Base.lproj/Main.storyboard; sourceTree = "<group>"; };
		74235D41203EF04900EF35AE /* Assets.xcassets */ = {isa = PBXFileReference; lastKnownFileType = folder.assetcatalog; path = Assets.xcassets; sourceTree = "<group>"; };
		74235D44203EF04900EF35AE /* Base */ = {isa = PBXFileReference; lastKnownFileType = file.storyboard; name = Base; path = Base.lproj/LaunchScreen.storyboard; sourceTree = "<group>"; };
		74235D46203EF04900EF35AE /* Info.plist */ = {isa = PBXFileReference; lastKnownFileType = text.plist.xml; path = Info.plist; sourceTree = "<group>"; };
		7431E28F2045561600B720C7 /* Service.swift */ = {isa = PBXFileReference; lastKnownFileType = sourcecode.swift; path = Service.swift; sourceTree = "<group>"; };
		7431E2932045599300B720C7 /* LoginParam.swift */ = {isa = PBXFileReference; lastKnownFileType = sourcecode.swift; path = LoginParam.swift; sourceTree = "<group>"; };
		7431E2952046990B00B720C7 /* AppAssembler.swift */ = {isa = PBXFileReference; lastKnownFileType = sourcecode.swift; path = AppAssembler.swift; sourceTree = "<group>"; };
		7431E29820469B5100B720C7 /* UserRepository.swift */ = {isa = PBXFileReference; lastKnownFileType = sourcecode.swift; name = UserRepository.swift; path = "hello-ios/UserRepository.swift"; sourceTree = SOURCE_ROOT; };
		7431E29B20469E1200B720C7 /* LoginResp.swift */ = {isa = PBXFileReference; lastKnownFileType = sourcecode.swift; path = LoginResp.swift; sourceTree = "<group>"; };
		7431E29D2046A1CC00B720C7 /* ServiceErrorOperator.swift */ = {isa = PBXFileReference; lastKnownFileType = sourcecode.swift; path = ServiceErrorOperator.swift; sourceTree = "<group>"; };
		7431E29F2046A65600B720C7 /* ServiceError.swift */ = {isa = PBXFileReference; lastKnownFileType = sourcecode.swift; path = ServiceError.swift; sourceTree = "<group>"; };
		7431E2A12046A6EA00B720C7 /* GenericErrorResp.swift */ = {isa = PBXFileReference; lastKnownFileType = sourcecode.swift; path = GenericErrorResp.swift; sourceTree = "<group>"; };
		7431E2A32046C62300B720C7 /* BaseSubscriber.swift */ = {isa = PBXFileReference; lastKnownFileType = sourcecode.swift; path = BaseSubscriber.swift; sourceTree = "<group>"; };
		74880BAE2043A2EC00E38807 /* RatingControl.swift */ = {isa = PBXFileReference; lastKnownFileType = sourcecode.swift; path = RatingControl.swift; sourceTree = "<group>"; };
		74880BB02043B3B900E38807 /* MealTableViewCell.swift */ = {isa = PBXFileReference; lastKnownFileType = sourcecode.swift; path = MealTableViewCell.swift; sourceTree = "<group>"; };
		74880BB22043B90C00E38807 /* MealTableViewController.swift */ = {isa = PBXFileReference; lastKnownFileType = sourcecode.swift; path = MealTableViewController.swift; sourceTree = "<group>"; };
		74880BB42044114600E38807 /* MealDetailViewController.swift */ = {isa = PBXFileReference; lastKnownFileType = sourcecode.swift; path = MealDetailViewController.swift; sourceTree = "<group>"; };
		74880BB72044308E00E38807 /* Item.swift */ = {isa = PBXFileReference; lastKnownFileType = sourcecode.swift; path = Item.swift; sourceTree = "<group>"; };
		74880BB92044FEDE00E38807 /* User.swift */ = {isa = PBXFileReference; lastKnownFileType = sourcecode.swift; path = User.swift; sourceTree = "<group>"; };
		D0DC3D12E34A21B25B557DB3 /* Pods_hello_ios.framework */ = {isa = PBXFileReference; explicitFileType = wrapper.framework; includeInIndex = 0; path = Pods_hello_ios.framework; sourceTree = BUILT_PRODUCTS_DIR; };
/* End PBXFileReference section */

/* Begin PBXFrameworksBuildPhase section */
		74235D34203EF04900EF35AE /* Frameworks */ = {
			isa = PBXFrameworksBuildPhase;
			buildActionMask = 2147483647;
			files = (
				AF1D846DE65CA59D68AE5CCC /* Pods_hello_ios.framework in Frameworks */,
			);
			runOnlyForDeploymentPostprocessing = 0;
		};
/* End PBXFrameworksBuildPhase section */

/* Begin PBXGroup section */
		74235D2E203EF04900EF35AE = {
			isa = PBXGroup;
			children = (
				74235D39203EF04900EF35AE /* hello-ios */,
				74235D38203EF04900EF35AE /* Products */,
				BFB3B88A137E0F0E5846589C /* Pods */,
				79F72B647443BE2D62252415 /* Frameworks */,
			);
			sourceTree = "<group>";
		};
		74235D38203EF04900EF35AE /* Products */ = {
			isa = PBXGroup;
			children = (
				74235D37203EF04900EF35AE /* hello-ios.app */,
			);
			name = Products;
			sourceTree = "<group>";
		};
		74235D39203EF04900EF35AE /* hello-ios */ = {
			isa = PBXGroup;
			children = (
				7431E29A20469E0700B720C7 /* Resp */,
				7431E29720469B3A00B720C7 /* Repository */,
				7431E2922045597B00B720C7 /* Param */,
				74880BB620442F4E00E38807 /* Item */,
				74235D3A203EF04900EF35AE /* AppDelegate.swift */,
				7431E2A32046C62300B720C7 /* BaseSubscriber.swift */,
				74235D3C203EF04900EF35AE /* MealViewController.swift */,
				74880BAE2043A2EC00E38807 /* RatingControl.swift */,
				74880BB22043B90C00E38807 /* MealTableViewController.swift */,
				74880BB02043B3B900E38807 /* MealTableViewCell.swift */,
				74880BB42044114600E38807 /* MealDetailViewController.swift */,
				74235D3E203EF04900EF35AE /* Main.storyboard */,
				74235D41203EF04900EF35AE /* Assets.xcassets */,
				74235D43203EF04900EF35AE /* LaunchScreen.storyboard */,
				74235D46203EF04900EF35AE /* Info.plist */,
				7431E28F2045561600B720C7 /* Service.swift */,
				7431E2952046990B00B720C7 /* AppAssembler.swift */,
				7431E29D2046A1CC00B720C7 /* ServiceErrorOperator.swift */,
				7431E29F2046A65600B720C7 /* ServiceError.swift */,
			);
			path = "hello-ios";
			sourceTree = "<group>";
		};
		7431E2922045597B00B720C7 /* Param */ = {
			isa = PBXGroup;
			children = (
				7431E2932045599300B720C7 /* LoginParam.swift */,
			);
			name = Param;
			path = "New Group";
			sourceTree = "<group>";
		};
		7431E29720469B3A00B720C7 /* Repository */ = {
			isa = PBXGroup;
			children = (
				7431E29820469B5100B720C7 /* UserRepository.swift */,
			);
			name = Repository;
			path = "New Group1";
			sourceTree = "<group>";
		};
		7431E29A20469E0700B720C7 /* Resp */ = {
			isa = PBXGroup;
			children = (
				7431E2A12046A6EA00B720C7 /* GenericErrorResp.swift */,
				7431E29B20469E1200B720C7 /* LoginResp.swift */,
			);
			name = Resp;
			path = "New Group1";
			sourceTree = "<group>";
		};
		74880BB620442F4E00E38807 /* Item */ = {
			isa = PBXGroup;
			children = (
				74880BB72044308E00E38807 /* Item.swift */,
				74880BB92044FEDE00E38807 /* User.swift */,
			);
			path = Item;
			sourceTree = "<group>";
		};
		79F72B647443BE2D62252415 /* Frameworks */ = {
			isa = PBXGroup;
			children = (
				D0DC3D12E34A21B25B557DB3 /* Pods_hello_ios.framework */,
			);
			name = Frameworks;
			sourceTree = "<group>";
		};
		BFB3B88A137E0F0E5846589C /* Pods */ = {
			isa = PBXGroup;
			children = (
				2F7EF0091C6AE83D7028EEBC /* Pods-hello-ios.debug.xcconfig */,
				2313A0118BF580D1CC84373F /* Pods-hello-ios.release.xcconfig */,
			);
			name = Pods;
			sourceTree = "<group>";
		};
/* End PBXGroup section */

/* Begin PBXNativeTarget section */
		74235D36203EF04900EF35AE /* hello-ios */ = {
			isa = PBXNativeTarget;
			buildConfigurationList = 74235D49203EF04900EF35AE /* Build configuration list for PBXNativeTarget "hello-ios" */;
			buildPhases = (
				930E0A1BD66525B7490FAF51 /* [CP] Check Pods Manifest.lock */,
				74235D33203EF04900EF35AE /* Sources */,
				74235D34203EF04900EF35AE /* Frameworks */,
				74235D35203EF04900EF35AE /* Resources */,
				9E34D30C29F4A16540551EF7 /* [CP] Embed Pods Frameworks */,
				2154FD1B173FA31E8DCA6182 /* [CP] Copy Pods Resources */,
			);
			buildRules = (
			);
			dependencies = (
			);
			name = "hello-ios";
			productName = "hello-ios";
			productReference = 74235D37203EF04900EF35AE /* hello-ios.app */;
			productType = "com.apple.product-type.application";
		};
/* End PBXNativeTarget section */

/* Begin PBXProject section */
		74235D2F203EF04900EF35AE /* Project object */ = {
			isa = PBXProject;
			attributes = {
				LastSwiftUpdateCheck = 0920;
				LastUpgradeCheck = 0920;
				ORGANIZATIONNAME = TenTen;
				TargetAttributes = {
					74235D36203EF04900EF35AE = {
						CreatedOnToolsVersion = 9.2;
						ProvisioningStyle = Automatic;
					};
				};
			};
			buildConfigurationList = 74235D32203EF04900EF35AE /* Build configuration list for PBXProject "hello-ios" */;
			compatibilityVersion = "Xcode 8.0";
			developmentRegion = en;
			hasScannedForEncodings = 0;
			knownRegions = (
				en,
				Base,
			);
			mainGroup = 74235D2E203EF04900EF35AE;
			productRefGroup = 74235D38203EF04900EF35AE /* Products */;
			projectDirPath = "";
			projectRoot = "";
			targets = (
				74235D36203EF04900EF35AE /* hello-ios */,
			);
		};
/* End PBXProject section */

/* Begin PBXResourcesBuildPhase section */
		74235D35203EF04900EF35AE /* Resources */ = {
			isa = PBXResourcesBuildPhase;
			buildActionMask = 2147483647;
			files = (
				74235D45203EF04900EF35AE /* LaunchScreen.storyboard in Resources */,
				74235D42203EF04900EF35AE /* Assets.xcassets in Resources */,
				74235D40203EF04900EF35AE /* Main.storyboard in Resources */,
			);
			runOnlyForDeploymentPostprocessing = 0;
		};
/* End PBXResourcesBuildPhase section */

/* Begin PBXShellScriptBuildPhase section */
		2154FD1B173FA31E8DCA6182 /* [CP] Copy Pods Resources */ = {
			isa = PBXShellScriptBuildPhase;
			buildActionMask = 2147483647;
			files = (
			);
			inputPaths = (
			);
			name = "[CP] Copy Pods Resources";
			outputPaths = (
			);
			runOnlyForDeploymentPostprocessing = 0;
			shellPath = /bin/sh;
			shellScript = "\"${SRCROOT}/Pods/Target Support Files/Pods-hello-ios/Pods-hello-ios-resources.sh\"\n";
			showEnvVarsInLog = 0;
		};
		930E0A1BD66525B7490FAF51 /* [CP] Check Pods Manifest.lock */ = {
			isa = PBXShellScriptBuildPhase;
			buildActionMask = 2147483647;
			files = (
			);
			inputPaths = (
				"${PODS_PODFILE_DIR_PATH}/Podfile.lock",
				"${PODS_ROOT}/Manifest.lock",
			);
			name = "[CP] Check Pods Manifest.lock";
			outputPaths = (
				"$(DERIVED_FILE_DIR)/Pods-hello-ios-checkManifestLockResult.txt",
			);
			runOnlyForDeploymentPostprocessing = 0;
			shellPath = /bin/sh;
			shellScript = "diff \"${PODS_PODFILE_DIR_PATH}/Podfile.lock\" \"${PODS_ROOT}/Manifest.lock\" > /dev/null\nif [ $? != 0 ] ; then\n    # print error to STDERR\n    echo \"error: The sandbox is not in sync with the Podfile.lock. Run 'pod install' or update your CocoaPods installation.\" >&2\n    exit 1\nfi\n# This output is used by Xcode 'outputs' to avoid re-running this script phase.\necho \"SUCCESS\" > \"${SCRIPT_OUTPUT_FILE_0}\"\n";
			showEnvVarsInLog = 0;
		};
		9E34D30C29F4A16540551EF7 /* [CP] Embed Pods Frameworks */ = {
			isa = PBXShellScriptBuildPhase;
			buildActionMask = 2147483647;
			files = (
			);
			inputPaths = (
				"${SRCROOT}/Pods/Target Support Files/Pods-hello-ios/Pods-hello-ios-frameworks.sh",
				"${BUILT_PRODUCTS_DIR}/Alamofire/Alamofire.framework",
				"${BUILT_PRODUCTS_DIR}/Moya/Moya.framework",
				"${BUILT_PRODUCTS_DIR}/Result/Result.framework",
				"${BUILT_PRODUCTS_DIR}/RxCocoa/RxCocoa.framework",
				"${BUILT_PRODUCTS_DIR}/RxSwift/RxSwift.framework",
				"${BUILT_PRODUCTS_DIR}/Swinject/Swinject.framework",
			);
			name = "[CP] Embed Pods Frameworks";
			outputPaths = (
				"${TARGET_BUILD_DIR}/${FRAMEWORKS_FOLDER_PATH}/Alamofire.framework",
				"${TARGET_BUILD_DIR}/${FRAMEWORKS_FOLDER_PATH}/Moya.framework",
				"${TARGET_BUILD_DIR}/${FRAMEWORKS_FOLDER_PATH}/Result.framework",
				"${TARGET_BUILD_DIR}/${FRAMEWORKS_FOLDER_PATH}/RxCocoa.framework",
				"${TARGET_BUILD_DIR}/${FRAMEWORKS_FOLDER_PATH}/RxSwift.framework",
				"${TARGET_BUILD_DIR}/${FRAMEWORKS_FOLDER_PATH}/Swinject.framework",
			);
			runOnlyForDeploymentPostprocessing = 0;
			shellPath = /bin/sh;
			shellScript = "\"${SRCROOT}/Pods/Target Support Files/Pods-hello-ios/Pods-hello-ios-frameworks.sh\"\n";
			showEnvVarsInLog = 0;
		};
/* End PBXShellScriptBuildPhase section */

/* Begin PBXSourcesBuildPhase section */
		74235D33203EF04900EF35AE /* Sources */ = {
			isa = PBXSourcesBuildPhase;
			buildActionMask = 2147483647;
			files = (
				7431E2A02046A65600B720C7 /* ServiceError.swift in Sources */,
				74880BB32043B90C00E38807 /* MealTableViewController.swift in Sources */,
				7431E2A22046A6EA00B720C7 /* GenericErrorResp.swift in Sources */,
				74880BB12043B3BA00E38807 /* MealTableViewCell.swift in Sources */,
				7431E29920469B5100B720C7 /* UserRepository.swift in Sources */,
				7431E29C20469E1200B720C7 /* LoginResp.swift in Sources */,
				74880BB52044114700E38807 /* MealDetailViewController.swift in Sources */,
				74235D3D203EF04900EF35AE /* MealViewController.swift in Sources */,
				74880BBA2044FEDE00E38807 /* User.swift in Sources */,
				7431E2A42046C62400B720C7 /* BaseSubscriber.swift in Sources */,
				7431E2902045561600B720C7 /* Service.swift in Sources */,
				7431E2962046990B00B720C7 /* AppAssembler.swift in Sources */,
				74880BB82044308E00E38807 /* Item.swift in Sources */,
				7431E29E2046A1CC00B720C7 /* ServiceErrorOperator.swift in Sources */,
				7431E2942045599300B720C7 /* LoginParam.swift in Sources */,
				74880BAF2043A2ED00E38807 /* RatingControl.swift in Sources */,
				74235D3B203EF04900EF35AE /* AppDelegate.swift in Sources */,
			);
			runOnlyForDeploymentPostprocessing = 0;
		};
/* End PBXSourcesBuildPhase section */

/* Begin PBXVariantGroup section */
		74235D3E203EF04900EF35AE /* Main.storyboard */ = {
			isa = PBXVariantGroup;
			children = (
				74235D3F203EF04900EF35AE /* Base */,
			);
			name = Main.storyboard;
			sourceTree = "<group>";
		};
		74235D43203EF04900EF35AE /* LaunchScreen.storyboard */ = {
			isa = PBXVariantGroup;
			children = (
				74235D44203EF04900EF35AE /* Base */,
			);
			name = LaunchScreen.storyboard;
			sourceTree = "<group>";
		};
/* End PBXVariantGroup section */

/* Begin XCBuildConfiguration section */
		74235D47203EF04900EF35AE /* Debug */ = {
			isa = XCBuildConfiguration;
			buildSettings = {
				ALWAYS_SEARCH_USER_PATHS = NO;
				CLANG_ANALYZER_NONNULL = YES;
				CLANG_ANALYZER_NUMBER_OBJECT_CONVERSION = YES_AGGRESSIVE;
				CLANG_CXX_LANGUAGE_STANDARD = "gnu++14";
				CLANG_CXX_LIBRARY = "libc++";
				CLANG_ENABLE_MODULES = YES;
				CLANG_ENABLE_OBJC_ARC = YES;
				CLANG_WARN_BLOCK_CAPTURE_AUTORELEASING = YES;
				CLANG_WARN_BOOL_CONVERSION = YES;
				CLANG_WARN_COMMA = YES;
				CLANG_WARN_CONSTANT_CONVERSION = YES;
				CLANG_WARN_DIRECT_OBJC_ISA_USAGE = YES_ERROR;
				CLANG_WARN_DOCUMENTATION_COMMENTS = YES;
				CLANG_WARN_EMPTY_BODY = YES;
				CLANG_WARN_ENUM_CONVERSION = YES;
				CLANG_WARN_INFINITE_RECURSION = YES;
				CLANG_WARN_INT_CONVERSION = YES;
				CLANG_WARN_NON_LITERAL_NULL_CONVERSION = YES;
				CLANG_WARN_OBJC_LITERAL_CONVERSION = YES;
				CLANG_WARN_OBJC_ROOT_CLASS = YES_ERROR;
				CLANG_WARN_RANGE_LOOP_ANALYSIS = YES;
				CLANG_WARN_STRICT_PROTOTYPES = YES;
				CLANG_WARN_SUSPICIOUS_MOVE = YES;
				CLANG_WARN_UNGUARDED_AVAILABILITY = YES_AGGRESSIVE;
				CLANG_WARN_UNREACHABLE_CODE = YES;
				CLANG_WARN__DUPLICATE_METHOD_MATCH = YES;
				CODE_SIGN_IDENTITY = "iPhone Developer";
				COPY_PHASE_STRIP = NO;
				DEBUG_INFORMATION_FORMAT = dwarf;
				ENABLE_STRICT_OBJC_MSGSEND = YES;
				ENABLE_TESTABILITY = YES;
				GCC_C_LANGUAGE_STANDARD = gnu11;
				GCC_DYNAMIC_NO_PIC = NO;
				GCC_NO_COMMON_BLOCKS = YES;
				GCC_OPTIMIZATION_LEVEL = 0;
				GCC_PREPROCESSOR_DEFINITIONS = (
					"DEBUG=1",
					"$(inherited)",
				);
				GCC_WARN_64_TO_32_BIT_CONVERSION = YES;
				GCC_WARN_ABOUT_RETURN_TYPE = YES_ERROR;
				GCC_WARN_UNDECLARED_SELECTOR = YES;
				GCC_WARN_UNINITIALIZED_AUTOS = YES_AGGRESSIVE;
				GCC_WARN_UNUSED_FUNCTION = YES;
				GCC_WARN_UNUSED_VARIABLE = YES;
				IPHONEOS_DEPLOYMENT_TARGET = 11.2;
				MTL_ENABLE_DEBUG_INFO = YES;
				ONLY_ACTIVE_ARCH = YES;
				SDKROOT = iphoneos;
				SWIFT_ACTIVE_COMPILATION_CONDITIONS = DEBUG;
				SWIFT_OPTIMIZATION_LEVEL = "-Onone";
			};
			name = Debug;
		};
		74235D48203EF04900EF35AE /* Release */ = {
			isa = XCBuildConfiguration;
			buildSettings = {
				ALWAYS_SEARCH_USER_PATHS = NO;
				CLANG_ANALYZER_NONNULL = YES;
				CLANG_ANALYZER_NUMBER_OBJECT_CONVERSION = YES_AGGRESSIVE;
				CLANG_CXX_LANGUAGE_STANDARD = "gnu++14";
				CLANG_CXX_LIBRARY = "libc++";
				CLANG_ENABLE_MODULES = YES;
				CLANG_ENABLE_OBJC_ARC = YES;
				CLANG_WARN_BLOCK_CAPTURE_AUTORELEASING = YES;
				CLANG_WARN_BOOL_CONVERSION = YES;
				CLANG_WARN_COMMA = YES;
				CLANG_WARN_CONSTANT_CONVERSION = YES;
				CLANG_WARN_DIRECT_OBJC_ISA_USAGE = YES_ERROR;
				CLANG_WARN_DOCUMENTATION_COMMENTS = YES;
				CLANG_WARN_EMPTY_BODY = YES;
				CLANG_WARN_ENUM_CONVERSION = YES;
				CLANG_WARN_INFINITE_RECURSION = YES;
				CLANG_WARN_INT_CONVERSION = YES;
				CLANG_WARN_NON_LITERAL_NULL_CONVERSION = YES;
				CLANG_WARN_OBJC_LITERAL_CONVERSION = YES;
				CLANG_WARN_OBJC_ROOT_CLASS = YES_ERROR;
				CLANG_WARN_RANGE_LOOP_ANALYSIS = YES;
				CLANG_WARN_STRICT_PROTOTYPES = YES;
				CLANG_WARN_SUSPICIOUS_MOVE = YES;
				CLANG_WARN_UNGUARDED_AVAILABILITY = YES_AGGRESSIVE;
				CLANG_WARN_UNREACHABLE_CODE = YES;
				CLANG_WARN__DUPLICATE_METHOD_MATCH = YES;
				CODE_SIGN_IDENTITY = "iPhone Developer";
				COPY_PHASE_STRIP = NO;
				DEBUG_INFORMATION_FORMAT = "dwarf-with-dsym";
				ENABLE_NS_ASSERTIONS = NO;
				ENABLE_STRICT_OBJC_MSGSEND = YES;
				GCC_C_LANGUAGE_STANDARD = gnu11;
				GCC_NO_COMMON_BLOCKS = YES;
				GCC_WARN_64_TO_32_BIT_CONVERSION = YES;
				GCC_WARN_ABOUT_RETURN_TYPE = YES_ERROR;
				GCC_WARN_UNDECLARED_SELECTOR = YES;
				GCC_WARN_UNINITIALIZED_AUTOS = YES_AGGRESSIVE;
				GCC_WARN_UNUSED_FUNCTION = YES;
				GCC_WARN_UNUSED_VARIABLE = YES;
				IPHONEOS_DEPLOYMENT_TARGET = 11.2;
				MTL_ENABLE_DEBUG_INFO = NO;
				SDKROOT = iphoneos;
				SWIFT_OPTIMIZATION_LEVEL = "-Owholemodule";
				VALIDATE_PRODUCT = YES;
			};
			name = Release;
		};
		74235D4A203EF04900EF35AE /* Debug */ = {
			isa = XCBuildConfiguration;
			baseConfigurationReference = 2F7EF0091C6AE83D7028EEBC /* Pods-hello-ios.debug.xcconfig */;
			buildSettings = {
				ASSETCATALOG_COMPILER_APPICON_NAME = AppIcon;
				CODE_SIGN_STYLE = Automatic;
				INFOPLIST_FILE = "hello-ios/Info.plist";
				LD_RUNPATH_SEARCH_PATHS = "$(inherited) @executable_path/Frameworks";
				PRODUCT_BUNDLE_IDENTIFIER = "com.tenten.hello-ios";
				PRODUCT_NAME = "$(TARGET_NAME)";
				SWIFT_VERSION = 4.0;
				TARGETED_DEVICE_FAMILY = "1,2";
			};
			name = Debug;
		};
		74235D4B203EF04900EF35AE /* Release */ = {
			isa = XCBuildConfiguration;
			baseConfigurationReference = 2313A0118BF580D1CC84373F /* Pods-hello-ios.release.xcconfig */;
			buildSettings = {
				ASSETCATALOG_COMPILER_APPICON_NAME = AppIcon;
				CODE_SIGN_STYLE = Automatic;
				INFOPLIST_FILE = "hello-ios/Info.plist";
				LD_RUNPATH_SEARCH_PATHS = "$(inherited) @executable_path/Frameworks";
				PRODUCT_BUNDLE_IDENTIFIER = "com.tenten.hello-ios";
				PRODUCT_NAME = "$(TARGET_NAME)";
				SWIFT_VERSION = 4.0;
				TARGETED_DEVICE_FAMILY = "1,2";
			};
			name = Release;
		};
/* End XCBuildConfiguration section */

/* Begin XCConfigurationList section */
		74235D32203EF04900EF35AE /* Build configuration list for PBXProject "hello-ios" */ = {
			isa = XCConfigurationList;
			buildConfigurations = (
				74235D47203EF04900EF35AE /* Debug */,
				74235D48203EF04900EF35AE /* Release */,
			);
			defaultConfigurationIsVisible = 0;
			defaultConfigurationName = Release;
		};
		74235D49203EF04900EF35AE /* Build configuration list for PBXNativeTarget "hello-ios" */ = {
			isa = XCConfigurationList;
			buildConfigurations = (
				74235D4A203EF04900EF35AE /* Debug */,
				74235D4B203EF04900EF35AE /* Release */,
			);
			defaultConfigurationIsVisible = 0;
			defaultConfigurationName = Release;
		};
/* End XCConfigurationList section */
	};
	rootObject = 74235D2F203EF04900EF35AE /* Project object */;
}
